
Microsoft Visual Studio Solution File, Format Version 12.00
# Visual Studio Version 16
VisualStudioVersion = 16.0.30611.23
MinimumVisualStudioVersion = 10.0.40219.1
Project("{FAE04EC0-301F-11D3-BF4B-00C04F79EFBC}") = "Test na Covid-19 i Ciąże", "Test na Covid-19 i Ciąże\Test na Covid-19 i Ciąże.csproj", "{CC42E002-BFDC-43DE-BE61-B19D70613D3C}"
EndProject
Global
	GlobalSection(SolutionConfigurationPlatforms) = preSolution
		Debug|Any CPU = Debug|Any CPU
		Release|Any CPU = Release|Any CPU
	EndGlobalSection
	GlobalSection(ProjectConfigurationPlatforms) = postSolution
		{CC42E002-BFDC-43DE-BE61-B19D70613D3C}.Debug|Any CPU.ActiveCfg = Debug|Any CPU
		{CC42E002-BFDC-43DE-BE61-B19D70613D3C}.Debug|Any CPU.Build.0 = Debug|Any CPU
		{CC42E002-BFDC-43DE-BE61-B19D70613D3C}.Release|Any CPU.ActiveCfg = Release|Any CPU
		{CC42E002-BFDC-43DE-BE61-B19D70613D3C}.Release|Any CPU.Build.0 = Release|Any CPU
	EndGlobalSection
	GlobalSection(SolutionProperties) = preSolution
		HideSolutionNode = FALSE
	EndGlobalSection
	GlobalSection(ExtensibilityGlobals) = postSolution
		SolutionGuid = {1B8E4C86-EFDC-4F4B-8F09-844C6DC2103B}
	EndGlobalSection
EndGlobal
